# This file was autogenerated by Stack.
# You should not edit this file by hand.
# For more information, please see the documentation at:
#   https://docs.haskellstack.org/en/stable/lock_files

packages:
- completed:
    hackage: lsp-1.5.0.0@sha256:1ad138526f9177965d4b5b01f9074fe0475636b2c563dcc7036fb6908f8e6189,5382
    pantry-tree:
      size: 1551
      sha256: 87526822a8ffb514d355975bca3a3f5ceb9a19eaf664cbdcde2f866c4d33878c
  original:
    hackage: lsp-1.5.0.0@sha256:1ad138526f9177965d4b5b01f9074fe0475636b2c563dcc7036fb6908f8e6189,5382
- completed:
    hackage: lsp-types-1.5.0.0@sha256:7ed97bbc9290ad6ffb9b5a8e082226783c710fff9e4ca2df4c578b065997b1ea,4301
    pantry-tree:
      size: 4160
      sha256: e45ef86a4301beb45ae7ec527e69880944a03c2d959cb0a051bf58dd0a5579f4
  original:
    hackage: lsp-types-1.5.0.0@sha256:7ed97bbc9290ad6ffb9b5a8e082226783c710fff9e4ca2df4c578b065997b1ea,4301
- completed:
    hackage: co-log-core-0.3.1.0@sha256:9794bdedd1391decd0e22bdfe2b11abcb42e6cff7a4531e1f8882890828f4e63,3816
    pantry-tree:
      size: 584
      sha256: d4cc089c40c5052ee02f91eafa567e0a239908aabc561dfa6080ba3bfc8c25bd
  original:
    hackage: co-log-core-0.3.1.0@sha256:9794bdedd1391decd0e22bdfe2b11abcb42e6cff7a4531e1f8882890828f4e63,3816
snapshots:
- completed:
    size: 619163
    url: https://raw.githubusercontent.com/commercialhaskell/stackage-snapshots/master/lts/19/16.yaml
    sha256: a27a5761890ade44d7dd21a5f5f93c87e60b9c063655fff835d69dd1071474f0
  original:
    url: https://raw.githubusercontent.com/commercialhaskell/stackage-snapshots/master/lts/19/16.yaml
